
Microsoft Visual Studio Solution File, Format Version 12.00
# Visual Studio Version 17
VisualStudioVersion = 17.7.34009.444
MinimumVisualStudioVersion = 10.0.40219.1
Project("{8BC9CEB8-8B4A-11D0-8D11-00A0C91BC942}") = "_4", "_4\_4.vcxproj", "{AA04AE12-C89E-468C-9975-B116F427C6F4}"
EndProject
Global
	GlobalSection(SolutionConfigurationPlatforms) = preSolution
		Debug|x64 = Debug|x64
		Debug|x86 = Debug|x86
		Release|x64 = Release|x64
		Release|x86 = Release|x86
	EndGlobalSection
	GlobalSection(ProjectConfigurationPlatforms) = postSolution
		{AA04AE12-C89E-468C-9975-B116F427C6F4}.Debug|x64.ActiveCfg = Debug|x64
		{AA04AE12-C89E-468C-9975-B116F427C6F4}.Debug|x64.Build.0 = Debug|x64
		{AA04AE12-C89E-468C-9975-B116F427C6F4}.Debug|x86.ActiveCfg = Debug|Win32
		{AA04AE12-C89E-468C-9975-B116F427C6F4}.Debug|x86.Build.0 = Debug|Win32
		{AA04AE12-C89E-468C-9975-B116F427C6F4}.Release|x64.ActiveCfg = Release|x64
		{AA04AE12-C89E-468C-9975-B116F427C6F4}.Release|x64.Build.0 = Release|x64
		{AA04AE12-C89E-468C-9975-B116F427C6F4}.Release|x86.ActiveCfg = Release|Win32
		{AA04AE12-C89E-468C-9975-B116F427C6F4}.Release|x86.Build.0 = Release|Win32
	EndGlobalSection
	GlobalSection(SolutionProperties) = preSolution
		HideSolutionNode = FALSE
	EndGlobalSection
	GlobalSection(ExtensibilityGlobals) = postSolution
		SolutionGuid = {48047E37-8CFB-4396-BF56-89E086EF8405}
	EndGlobalSection
EndGlobal
